
Microsoft Visual Studio Solution File, Format Version 12.00
Project("{2150E333-8FDC-42A3-9474-1A3956D46DE8}") = "src", "src", "{9045B708-F21E-4EB8-ABB2-76EB6695F6A3}"
EndProject
Project("{FAE04EC0-301F-11D3-BF4B-00C04F79EFBC}") = "FileReceiverBot.Api", "FileReceiverBot.Api\FileReceiverBot.Api.csproj", "{70B0EF0C-D42D-4CF2-93E2-357FC9190A32}"
EndProject
Global
	GlobalSection(SolutionConfigurationPlatforms) = preSolution
		Debug|Any CPU = Debug|Any CPU
		Release|Any CPU = Release|Any CPU
	EndGlobalSection
	GlobalSection(NestedProjects) = preSolution
		{70B0EF0C-D42D-4CF2-93E2-357FC9190A32} = {9045B708-F21E-4EB8-ABB2-76EB6695F6A3}
	EndGlobalSection
	GlobalSection(ProjectConfigurationPlatforms) = postSolution
		{70B0EF0C-D42D-4CF2-93E2-357FC9190A32}.Debug|Any CPU.ActiveCfg = Debug|Any CPU
		{70B0EF0C-D42D-4CF2-93E2-357FC9190A32}.Debug|Any CPU.Build.0 = Debug|Any CPU
		{70B0EF0C-D42D-4CF2-93E2-357FC9190A32}.Release|Any CPU.ActiveCfg = Release|Any CPU
		{70B0EF0C-D42D-4CF2-93E2-357FC9190A32}.Release|Any CPU.Build.0 = Release|Any CPU
	EndGlobalSection
EndGlobal
