
Microsoft Visual Studio Solution File, Format Version 12.00
Project("{2150E333-8FDC-42A3-9474-1A3956D46DE8}") = "src", "src", "{9045B708-F21E-4EB8-ABB2-76EB6695F6A3}"
EndProject
Project("{FAE04EC0-301F-11D3-BF4B-00C04F79EFBC}") = "FileReceiverBot.Api", "src\FileReceiverBot.Api\FileReceiverBot.Api.csproj", "{70B0EF0C-D42D-4CF2-93E2-357FC9190A32}"
EndProject
Project("{FAE04EC0-301F-11D3-BF4B-00C04F79EFBC}") = "FileReceiver.Common", "src\FileReceiver.Common\FileReceiver.Common.csproj", "{3F0F286D-82C7-4ABF-869C-331BDB8BF946}"
EndProject
Project("{FAE04EC0-301F-11D3-BF4B-00C04F79EFBC}") = "FileReceiver.Dal", "src\dal\FileReceiver.Dal\FileReceiver.Dal.csproj", "{F606774B-5840-49BC-A6D9-69CAEF67CB50}"
EndProject
Project("{2150E333-8FDC-42A3-9474-1A3956D46DE8}") = "dal", "dal", "{13472CA0-4C79-4249-922D-FB6E044BC208}"
EndProject
Project("{FAE04EC0-301F-11D3-BF4B-00C04F79EFBC}") = "FileReceiver.Dal.Entities", "src\dal\FileReceiver.Dal.Entities\FileReceiver.Dal.Entities.csproj", "{B89E08C3-9763-426A-8E2E-301F73BCB454}"
EndProject
Project("{FAE04EC0-301F-11D3-BF4B-00C04F79EFBC}") = "FileReceiver.Dal.Abstract", "src\dal\FileReceiver.Dal.Abstract\FileReceiver.Dal.Abstract.csproj", "{C2A9467B-00AA-45A7-ACC7-98B084C120FF}"
EndProject
Project("{2150E333-8FDC-42A3-9474-1A3956D46DE8}") = "bl", "bl", "{8D9067D7-7807-4616-9C5C-800B53EC5010}"
EndProject
Project("{FAE04EC0-301F-11D3-BF4B-00C04F79EFBC}") = "FileReceiver.Bl.Abstract", "src\FileReceiver.Bl.Abstract\FileReceiver.Bl.Abstract.csproj", "{92A3C8FD-79EE-4157-9035-C2110F8953DB}"
EndProject
Project("{FAE04EC0-301F-11D3-BF4B-00C04F79EFBC}") = "FileReceiver.Bl.Impl", "src\FileReceiver.Bl.Impl\FileReceiver.Bl.Impl.csproj", "{9AC28975-E12B-449D-B340-782EBAB3E858}"
EndProject
Project("{FAE04EC0-301F-11D3-BF4B-00C04F79EFBC}") = "FileReceiver.Tests.Bl", "tests\FileReceiver.Tests.Bl\FileReceiver.Tests.Bl.csproj", "{97FA2C2F-34CE-46F3-A426-C5BF1E6A3C54}"
EndProject
Project("{2150E333-8FDC-42A3-9474-1A3956D46DE8}") = "tests", "tests", "{165C050E-2183-4DB4-A63D-B362532F77F4}"
EndProject
Project("{2150E333-8FDC-42A3-9474-1A3956D46DE8}") = "Integrations", "Integrations", "{C02CCF88-D61D-41B1-9E65-4DBC4580462D}"
EndProject
Project("{FAE04EC0-301F-11D3-BF4B-00C04F79EFBC}") = "FileReceiver.Mega", "src\FileReceiver.Mega\FileReceiver.Mega.csproj", "{25D09645-AC3C-40E7-8729-979B0D38F57A}"
EndProject
Project("{FAE04EC0-301F-11D3-BF4B-00C04F79EFBC}") = "FileReceiver.Tests.Fakers", "tests\FileReceiver.Tests.Fakers\FileReceiver.Tests.Fakers.csproj", "{E421D5E4-8760-4936-BFB3-3E313EB223D1}"
EndProject
Global
	GlobalSection(SolutionConfigurationPlatforms) = preSolution
		Debug|Any CPU = Debug|Any CPU
		Release|Any CPU = Release|Any CPU
	EndGlobalSection
	GlobalSection(NestedProjects) = preSolution
		{70B0EF0C-D42D-4CF2-93E2-357FC9190A32} = {9045B708-F21E-4EB8-ABB2-76EB6695F6A3}
		{3F0F286D-82C7-4ABF-869C-331BDB8BF946} = {9045B708-F21E-4EB8-ABB2-76EB6695F6A3}
		{F606774B-5840-49BC-A6D9-69CAEF67CB50} = {13472CA0-4C79-4249-922D-FB6E044BC208}
		{B89E08C3-9763-426A-8E2E-301F73BCB454} = {13472CA0-4C79-4249-922D-FB6E044BC208}
		{C2A9467B-00AA-45A7-ACC7-98B084C120FF} = {13472CA0-4C79-4249-922D-FB6E044BC208}
		{13472CA0-4C79-4249-922D-FB6E044BC208} = {9045B708-F21E-4EB8-ABB2-76EB6695F6A3}
		{8D9067D7-7807-4616-9C5C-800B53EC5010} = {9045B708-F21E-4EB8-ABB2-76EB6695F6A3}
		{92A3C8FD-79EE-4157-9035-C2110F8953DB} = {8D9067D7-7807-4616-9C5C-800B53EC5010}
		{9AC28975-E12B-449D-B340-782EBAB3E858} = {8D9067D7-7807-4616-9C5C-800B53EC5010}
		{97FA2C2F-34CE-46F3-A426-C5BF1E6A3C54} = {165C050E-2183-4DB4-A63D-B362532F77F4}
		{C02CCF88-D61D-41B1-9E65-4DBC4580462D} = {9045B708-F21E-4EB8-ABB2-76EB6695F6A3}
		{25D09645-AC3C-40E7-8729-979B0D38F57A} = {C02CCF88-D61D-41B1-9E65-4DBC4580462D}
		{E421D5E4-8760-4936-BFB3-3E313EB223D1} = {165C050E-2183-4DB4-A63D-B362532F77F4}
	EndGlobalSection
	GlobalSection(ProjectConfigurationPlatforms) = postSolution
		{70B0EF0C-D42D-4CF2-93E2-357FC9190A32}.Debug|Any CPU.ActiveCfg = Debug|Any CPU
		{70B0EF0C-D42D-4CF2-93E2-357FC9190A32}.Debug|Any CPU.Build.0 = Debug|Any CPU
		{70B0EF0C-D42D-4CF2-93E2-357FC9190A32}.Release|Any CPU.ActiveCfg = Release|Any CPU
		{70B0EF0C-D42D-4CF2-93E2-357FC9190A32}.Release|Any CPU.Build.0 = Release|Any CPU
		{3F0F286D-82C7-4ABF-869C-331BDB8BF946}.Debug|Any CPU.ActiveCfg = Debug|Any CPU
		{3F0F286D-82C7-4ABF-869C-331BDB8BF946}.Debug|Any CPU.Build.0 = Debug|Any CPU
		{3F0F286D-82C7-4ABF-869C-331BDB8BF946}.Release|Any CPU.ActiveCfg = Release|Any CPU
		{3F0F286D-82C7-4ABF-869C-331BDB8BF946}.Release|Any CPU.Build.0 = Release|Any CPU
		{F606774B-5840-49BC-A6D9-69CAEF67CB50}.Debug|Any CPU.ActiveCfg = Debug|Any CPU
		{F606774B-5840-49BC-A6D9-69CAEF67CB50}.Debug|Any CPU.Build.0 = Debug|Any CPU
		{F606774B-5840-49BC-A6D9-69CAEF67CB50}.Release|Any CPU.ActiveCfg = Release|Any CPU
		{F606774B-5840-49BC-A6D9-69CAEF67CB50}.Release|Any CPU.Build.0 = Release|Any CPU
		{B89E08C3-9763-426A-8E2E-301F73BCB454}.Debug|Any CPU.ActiveCfg = Debug|Any CPU
		{B89E08C3-9763-426A-8E2E-301F73BCB454}.Debug|Any CPU.Build.0 = Debug|Any CPU
		{B89E08C3-9763-426A-8E2E-301F73BCB454}.Release|Any CPU.ActiveCfg = Release|Any CPU
		{B89E08C3-9763-426A-8E2E-301F73BCB454}.Release|Any CPU.Build.0 = Release|Any CPU
		{C2A9467B-00AA-45A7-ACC7-98B084C120FF}.Debug|Any CPU.ActiveCfg = Debug|Any CPU
		{C2A9467B-00AA-45A7-ACC7-98B084C120FF}.Debug|Any CPU.Build.0 = Debug|Any CPU
		{C2A9467B-00AA-45A7-ACC7-98B084C120FF}.Release|Any CPU.ActiveCfg = Release|Any CPU
		{C2A9467B-00AA-45A7-ACC7-98B084C120FF}.Release|Any CPU.Build.0 = Release|Any CPU
		{92A3C8FD-79EE-4157-9035-C2110F8953DB}.Debug|Any CPU.ActiveCfg = Debug|Any CPU
		{92A3C8FD-79EE-4157-9035-C2110F8953DB}.Debug|Any CPU.Build.0 = Debug|Any CPU
		{92A3C8FD-79EE-4157-9035-C2110F8953DB}.Release|Any CPU.ActiveCfg = Release|Any CPU
		{92A3C8FD-79EE-4157-9035-C2110F8953DB}.Release|Any CPU.Build.0 = Release|Any CPU
		{9AC28975-E12B-449D-B340-782EBAB3E858}.Debug|Any CPU.ActiveCfg = Debug|Any CPU
		{9AC28975-E12B-449D-B340-782EBAB3E858}.Debug|Any CPU.Build.0 = Debug|Any CPU
		{9AC28975-E12B-449D-B340-782EBAB3E858}.Release|Any CPU.ActiveCfg = Release|Any CPU
		{9AC28975-E12B-449D-B340-782EBAB3E858}.Release|Any CPU.Build.0 = Release|Any CPU
		{97FA2C2F-34CE-46F3-A426-C5BF1E6A3C54}.Debug|Any CPU.ActiveCfg = Debug|Any CPU
		{97FA2C2F-34CE-46F3-A426-C5BF1E6A3C54}.Debug|Any CPU.Build.0 = Debug|Any CPU
		{97FA2C2F-34CE-46F3-A426-C5BF1E6A3C54}.Release|Any CPU.ActiveCfg = Release|Any CPU
		{97FA2C2F-34CE-46F3-A426-C5BF1E6A3C54}.Release|Any CPU.Build.0 = Release|Any CPU
		{25D09645-AC3C-40E7-8729-979B0D38F57A}.Debug|Any CPU.ActiveCfg = Debug|Any CPU
		{25D09645-AC3C-40E7-8729-979B0D38F57A}.Debug|Any CPU.Build.0 = Debug|Any CPU
		{25D09645-AC3C-40E7-8729-979B0D38F57A}.Release|Any CPU.ActiveCfg = Release|Any CPU
		{25D09645-AC3C-40E7-8729-979B0D38F57A}.Release|Any CPU.Build.0 = Release|Any CPU
		{E421D5E4-8760-4936-BFB3-3E313EB223D1}.Debug|Any CPU.ActiveCfg = Debug|Any CPU
		{E421D5E4-8760-4936-BFB3-3E313EB223D1}.Debug|Any CPU.Build.0 = Debug|Any CPU
		{E421D5E4-8760-4936-BFB3-3E313EB223D1}.Release|Any CPU.ActiveCfg = Release|Any CPU
		{E421D5E4-8760-4936-BFB3-3E313EB223D1}.Release|Any CPU.Build.0 = Release|Any CPU
	EndGlobalSection
EndGlobal
